
Microsoft Visual Studio Solution File, Format Version 12.00
# Visual Studio Version 16
VisualStudioVersion = 16.0.29215.179
MinimumVisualStudioVersion = 10.0.40219.1
Project("{FAE04EC0-301F-11D3-BF4B-00C04F79EFBC}") = "EntranceSensorForm", "EntranceSensorForm\EntranceSensorForm.csproj", "{2A0DF848-9A14-4D6F-9AEF-89E2C2139B5D}"
EndProject
Global
	GlobalSection(SolutionConfigurationPlatforms) = preSolution
		Debug|Any CPU = Debug|Any CPU
		Debug|x64 = Debug|x64
		Release|Any CPU = Release|Any CPU
		Release|x64 = Release|x64
	EndGlobalSection
	GlobalSection(ProjectConfigurationPlatforms) = postSolution
		{2A0DF848-9A14-4D6F-9AEF-89E2C2139B5D}.Debug|Any CPU.ActiveCfg = Debug|Any CPU
		{2A0DF848-9A14-4D6F-9AEF-89E2C2139B5D}.Debug|Any CPU.Build.0 = Debug|Any CPU
		{2A0DF848-9A14-4D6F-9AEF-89E2C2139B5D}.Debug|x64.ActiveCfg = Debug|x64
		{2A0DF848-9A14-4D6F-9AEF-89E2C2139B5D}.Debug|x64.Build.0 = Debug|x64
		{2A0DF848-9A14-4D6F-9AEF-89E2C2139B5D}.Release|Any CPU.ActiveCfg = Release|Any CPU
		{2A0DF848-9A14-4D6F-9AEF-89E2C2139B5D}.Release|Any CPU.Build.0 = Release|Any CPU
		{2A0DF848-9A14-4D6F-9AEF-89E2C2139B5D}.Release|x64.ActiveCfg = Release|x64
		{2A0DF848-9A14-4D6F-9AEF-89E2C2139B5D}.Release|x64.Build.0 = Release|x64
	EndGlobalSection
	GlobalSection(SolutionProperties) = preSolution
		HideSolutionNode = FALSE
	EndGlobalSection
	GlobalSection(ExtensibilityGlobals) = postSolution
		SolutionGuid = {3313DFDF-C1AE-4932-A5BD-70EA98F45BA0}
	EndGlobalSection
EndGlobal
